
Microsoft Visual Studio Solution File, Format Version 12.00
# Visual Studio Version 16
VisualStudioVersion = 16.0.810.17
MinimumVisualStudioVersion = 10.0.40219.1
Project("{FAE04EC0-301F-11D3-BF4B-00C04F79EFBC}") = "Bibliotheque", "Bibliotheque\Bibliotheque.csproj", "{668B0DA2-BC41-457E-A460-B6487EBD9803}"
EndProject
Global
	GlobalSection(SolutionConfigurationPlatforms) = preSolution
		Debug|Any CPU = Debug|Any CPU
		Release|Any CPU = Release|Any CPU
	EndGlobalSection
	GlobalSection(ProjectConfigurationPlatforms) = postSolution
		{668B0DA2-BC41-457E-A460-B6487EBD9803}.Debug|Any CPU.ActiveCfg = Debug|Any CPU
		{668B0DA2-BC41-457E-A460-B6487EBD9803}.Debug|Any CPU.Build.0 = Debug|Any CPU
		{668B0DA2-BC41-457E-A460-B6487EBD9803}.Release|Any CPU.ActiveCfg = Release|Any CPU
		{668B0DA2-BC41-457E-A460-B6487EBD9803}.Release|Any CPU.Build.0 = Release|Any CPU
	EndGlobalSection
	GlobalSection(SolutionProperties) = preSolution
		HideSolutionNode = FALSE
	EndGlobalSection
	GlobalSection(ExtensibilityGlobals) = postSolution
		SolutionGuid = {AA9D21EB-9E6B-4587-9CD2-3400621C625D}
	EndGlobalSection
EndGlobal
